
Microsoft Visual Studio Solution File, Format Version 12.00
# Visual Studio Version 16
VisualStudioVersion = 16.0.30413.136
MinimumVisualStudioVersion = 10.0.40219.1
Project("{FAE04EC0-301F-11D3-BF4B-00C04F79EFBC}") = "Multiplenumbers2", "Multiplenumbers2.csproj", "{5ECAF3B9-ED9A-482E-9059-F69DC2FE935C}"
EndProject
Global
	GlobalSection(SolutionConfigurationPlatforms) = preSolution
		Debug|Any CPU = Debug|Any CPU
		Release|Any CPU = Release|Any CPU
	EndGlobalSection
	GlobalSection(ProjectConfigurationPlatforms) = postSolution
		{5ECAF3B9-ED9A-482E-9059-F69DC2FE935C}.Debug|Any CPU.ActiveCfg = Debug|Any CPU
		{5ECAF3B9-ED9A-482E-9059-F69DC2FE935C}.Debug|Any CPU.Build.0 = Debug|Any CPU
		{5ECAF3B9-ED9A-482E-9059-F69DC2FE935C}.Release|Any CPU.ActiveCfg = Release|Any CPU
		{5ECAF3B9-ED9A-482E-9059-F69DC2FE935C}.Release|Any CPU.Build.0 = Release|Any CPU
	EndGlobalSection
	GlobalSection(SolutionProperties) = preSolution
		HideSolutionNode = FALSE
	EndGlobalSection
	GlobalSection(ExtensibilityGlobals) = postSolution
		SolutionGuid = {19DAE193-0189-42B4-968E-C63945CACBAC}
	EndGlobalSection
EndGlobal
